{
    "name": "common-lisp",
    "version": "0.0.1",
    "lockfileVersion": 1,
    "requires": true,
    "dependencies": {
        "@types/node": {
            "version": "14.14.2",
            "resolved": "https://registry.npmjs.org/@types/node/-/node-14.14.2.tgz",
            "integrity": "sha512-jeYJU2kl7hL9U5xuI/BhKPZ4vqGM/OmK6whiFAXVhlstzZhVamWhDSmHyGLIp+RVyuF9/d0dqr2P85aFj4BvJg==",
            "dev": true
        },
        "@types/vscode": {
            "version": "1.50.0",
            "resolved": "https://registry.npmjs.org/@types/vscode/-/vscode-1.50.0.tgz",
            "integrity": "sha512-QnIeyi4L2DiD9M2bAQKRzT/EQvc80qP9UL6JD5TiLlNRL1khIDg4ej4mDSRbtFrDAsRntFI1RhMvdomUThMsqg==",
            "dev": true
        },
        "minimist": {
            "version": "1.2.5",
            "resolved": "https://registry.npmjs.org/minimist/-/minimist-1.2.5.tgz",
            "integrity": "sha512-FM9nNUYrRBAELZQT3xeZQ7fmMOBg6nWNmJKTcgsJeaLstP/UODVpGsr5OhXhhXg6f+qtJ8uiZ+PUxkDWcgIXLw=="
        },
        "mkdirp": {
            "version": "0.5.5",
            "resolved": "https://registry.npmjs.org/mkdirp/-/mkdirp-0.5.5.tgz",
            "integrity": "sha512-NKmAlESf6jMGym1++R0Ra7wvhV+wFW63FaSOFPwRahvea0gMUcGUhVeAg/0BC0wiv9ih5NYPB1Wn1UEI1/L+xQ==",
            "requires": {
                "minimist": "^1.2.5"
            }
        },
        "typescript": {
            "version": "4.0.3",
            "resolved": "https://registry.npmjs.org/typescript/-/typescript-4.0.3.tgz",
            "integrity": "sha512-tEu6DGxGgRJPb/mVPIZ48e69xCn2yRmCgYmDugAVwmJ6o+0u1RI18eO7E7WBTLYLaEVVOhwQmcdhQHweux/WPg==",
            "dev": true
        },
        "vscode-debugadapter": {
            "version": "1.40.0",
            "resolved": "https://registry.npmjs.org/vscode-debugadapter/-/vscode-debugadapter-1.40.0.tgz",
            "integrity": "sha512-cudm9ROtFRxiBgcM+B8cQXA1DfsRKaOfEYDMh9upxbYxN3v0c40SHCPmNivIYp7LDzcG60UGaIYD1vsUfC1Qcg==",
            "requires": {
                "mkdirp": "^0.5.1",
                "vscode-debugprotocol": "1.40.0"
            }
        },
        "vscode-debugprotocol": {
            "version": "1.40.0",
            "resolved": "https://registry.npmjs.org/vscode-debugprotocol/-/vscode-debugprotocol-1.40.0.tgz",
            "integrity": "sha512-Fwze+9qbLDPuQUhtITJSu/Vk6zIuakNM1iR2ZiZRgRaMEgBpMs2JSKaT0chrhJHCOy6/UbpsUbUBIseF6msV+g=="
        }
    }
}
